// !$*UTF8*$!
{
	archiveVersion = 1;
	classes = {
	};
	objectVersion = 51;
	objects = {

/* Begin PBXBuildFile section */
		A50A9782094EC1B131C11F80 /* Pods_Tremor.framework in Frameworks */ = {isa = PBXBuildFile; fileRef = DBCBCC4C3F44813C7A58ECDA /* Pods_Tremor.framework */; };
		D819BA4F234993C9008AEF35 /* AppDelegate.swift in Sources */ = {isa = PBXBuildFile; fileRef = D819BA4E234993C9008AEF35 /* AppDelegate.swift */; };
		D819BA51234993C9008AEF35 /* SceneDelegate.swift in Sources */ = {isa = PBXBuildFile; fileRef = D819BA50234993C9008AEF35 /* SceneDelegate.swift */; };
		D819BA58234993C9008AEF35 /* Main.storyboard in Resources */ = {isa = PBXBuildFile; fileRef = D819BA56234993C9008AEF35 /* Main.storyboard */; };
		D819BA5A234993CA008AEF35 /* Assets.xcassets in Resources */ = {isa = PBXBuildFile; fileRef = D819BA59234993CA008AEF35 /* Assets.xcassets */; };
		D819BA5D234993CA008AEF35 /* LaunchScreen.storyboard in Resources */ = {isa = PBXBuildFile; fileRef = D819BA5B234993CA008AEF35 /* LaunchScreen.storyboard */; };
		D819BA65234994EA008AEF35 /* ViewController.swift in Sources */ = {isa = PBXBuildFile; fileRef = D819BA64234994EA008AEF35 /* ViewController.swift */; };
		D819BA6723499582008AEF35 /* SplashVC.swift in Sources */ = {isa = PBXBuildFile; fileRef = D819BA6623499582008AEF35 /* SplashVC.swift */; };
		D819BA6A2349A25D008AEF35 /* GoogleService-Info.plist in Resources */ = {isa = PBXBuildFile; fileRef = D819BA692349A25D008AEF35 /* GoogleService-Info.plist */; };
		D819BA6D2349ADB7008AEF35 /* alert.wav in Resources */ = {isa = PBXBuildFile; fileRef = D819BA6C2349ADB7008AEF35 /* alert.wav */; };
/* End PBXBuildFile section */

/* Begin PBXFileReference section */
		ADD9A5C972C4913FDC26F4D1 /* Pods-Tremor.debug.xcconfig */ = {isa = PBXFileReference; includeInIndex = 1; lastKnownFileType = text.xcconfig; name = "Pods-Tremor.debug.xcconfig"; path = "Target Support Files/Pods-Tremor/Pods-Tremor.debug.xcconfig"; sourceTree = "<group>"; };
		BC6F95A1F4C7F8E56AA9A1DF /* Pods-Tremor.release.xcconfig */ = {isa = PBXFileReference; includeInIndex = 1; lastKnownFileType = text.xcconfig; name = "Pods-Tremor.release.xcconfig"; path = "Target Support Files/Pods-Tremor/Pods-Tremor.release.xcconfig"; sourceTree = "<group>"; };
		D819BA4B234993C9008AEF35 /* Tremor.app */ = {isa = PBXFileReference; explicitFileType = wrapper.application; includeInIndex = 0; path = Tremor.app; sourceTree = BUILT_PRODUCTS_DIR; };
		D819BA4E234993C9008AEF35 /* AppDelegate.swift */ = {isa = PBXFileReference; lastKnownFileType = sourcecode.swift; path = AppDelegate.swift; sourceTree = "<group>"; };
		D819BA50234993C9008AEF35 /* SceneDelegate.swift */ = {isa = PBXFileReference; lastKnownFileType = sourcecode.swift; path = SceneDelegate.swift; sourceTree = "<group>"; };
		D819BA57234993C9008AEF35 /* Base */ = {isa = PBXFileReference; lastKnownFileType = file.storyboard; name = Base; path = Base.lproj/Main.storyboard; sourceTree = "<group>"; };
		D819BA59234993CA008AEF35 /* Assets.xcassets */ = {isa = PBXFileReference; lastKnownFileType = folder.assetcatalog; path = Assets.xcassets; sourceTree = "<group>"; };
		D819BA5C234993CA008AEF35 /* Base */ = {isa = PBXFileReference; lastKnownFileType = file.storyboard; name = Base; path = Base.lproj/LaunchScreen.storyboard; sourceTree = "<group>"; };
		D819BA5E234993CA008AEF35 /* Info.plist */ = {isa = PBXFileReference; lastKnownFileType = text.plist.xml; path = Info.plist; sourceTree = "<group>"; };
		D819BA64234994EA008AEF35 /* ViewController.swift */ = {isa = PBXFileReference; lastKnownFileType = sourcecode.swift; path = ViewController.swift; sourceTree = "<group>"; };
		D819BA6623499582008AEF35 /* SplashVC.swift */ = {isa = PBXFileReference; lastKnownFileType = sourcecode.swift; path = SplashVC.swift; sourceTree = "<group>"; };
		D819BA682349A1ED008AEF35 /* Tremor.entitlements */ = {isa = PBXFileReference; lastKnownFileType = text.plist.entitlements; path = Tremor.entitlements; sourceTree = "<group>"; };
		D819BA692349A25D008AEF35 /* GoogleService-Info.plist */ = {isa = PBXFileReference; fileEncoding = 4; lastKnownFileType = text.plist.xml; path = "GoogleService-Info.plist"; sourceTree = "<group>"; };
		D819BA6C2349ADB7008AEF35 /* alert.wav */ = {isa = PBXFileReference; lastKnownFileType = audio.wav; path = alert.wav; sourceTree = "<group>"; };
		D819BA6E234A4423008AEF35 /* index.js */ = {isa = PBXFileReference; lastKnownFileType = sourcecode.javascript; path = index.js; sourceTree = "<group>"; };
		DBCBCC4C3F44813C7A58ECDA /* Pods_Tremor.framework */ = {isa = PBXFileReference; explicitFileType = wrapper.framework; includeInIndex = 0; path = Pods_Tremor.framework; sourceTree = BUILT_PRODUCTS_DIR; };
/* End PBXFileReference section */

/* Begin PBXFrameworksBuildPhase section */
		D819BA48234993C9008AEF35 /* Frameworks */ = {
			isa = PBXFrameworksBuildPhase;
			buildActionMask = 2147483647;
			files = (
				A50A9782094EC1B131C11F80 /* Pods_Tremor.framework in Frameworks */,
			);
			runOnlyForDeploymentPostprocessing = 0;
		};
/* End PBXFrameworksBuildPhase section */

/* Begin PBXGroup section */
		8F9758E6960CD91C689CED2F /* Pods */ = {
			isa = PBXGroup;
			children = (
				ADD9A5C972C4913FDC26F4D1 /* Pods-Tremor.debug.xcconfig */,
				BC6F95A1F4C7F8E56AA9A1DF /* Pods-Tremor.release.xcconfig */,
			);
			path = Pods;
			sourceTree = "<group>";
		};
		B378A1A4D9324825571258B0 /* Frameworks */ = {
			isa = PBXGroup;
			children = (
				DBCBCC4C3F44813C7A58ECDA /* Pods_Tremor.framework */,
			);
			name = Frameworks;
			sourceTree = "<group>";
		};
		D819BA42234993C9008AEF35 = {
			isa = PBXGroup;
			children = (
				D819BA4D234993C9008AEF35 /* Tremor */,
				D819BA4C234993C9008AEF35 /* Products */,
				8F9758E6960CD91C689CED2F /* Pods */,
				B378A1A4D9324825571258B0 /* Frameworks */,
			);
			sourceTree = "<group>";
		};
		D819BA4C234993C9008AEF35 /* Products */ = {
			isa = PBXGroup;
			children = (
				D819BA4B234993C9008AEF35 /* Tremor.app */,
			);
			name = Products;
			sourceTree = "<group>";
		};
		D819BA4D234993C9008AEF35 /* Tremor */ = {
			isa = PBXGroup;
			children = (
				D819BA682349A1ED008AEF35 /* Tremor.entitlements */,
				D819BA4E234993C9008AEF35 /* AppDelegate.swift */,
				D819BA6E234A4423008AEF35 /* index.js */,
				D819BA64234994EA008AEF35 /* ViewController.swift */,
				D819BA6623499582008AEF35 /* SplashVC.swift */,
				D819BA50234993C9008AEF35 /* SceneDelegate.swift */,
				D819BA56234993C9008AEF35 /* Main.storyboard */,
				D819BA59234993CA008AEF35 /* Assets.xcassets */,
				D819BA6B2349ADB7008AEF35 /* Sounds */,
				D819BA5B234993CA008AEF35 /* LaunchScreen.storyboard */,
				D819BA5E234993CA008AEF35 /* Info.plist */,
				D819BA692349A25D008AEF35 /* GoogleService-Info.plist */,
			);
			path = Tremor;
			sourceTree = "<group>";
		};
		D819BA6B2349ADB7008AEF35 /* Sounds */ = {
			isa = PBXGroup;
			children = (
				D819BA6C2349ADB7008AEF35 /* alert.wav */,
			);
			path = Sounds;
			sourceTree = "<group>";
		};
/* End PBXGroup section */

/* Begin PBXNativeTarget section */
		D819BA4A234993C9008AEF35 /* Tremor */ = {
			isa = PBXNativeTarget;
			buildConfigurationList = D819BA61234993CA008AEF35 /* Build configuration list for PBXNativeTarget "Tremor" */;
			buildPhases = (
				8FD575FDA516FA011B68819F /* [CP] Check Pods Manifest.lock */,
				D819BA47234993C9008AEF35 /* Sources */,
				D819BA48234993C9008AEF35 /* Frameworks */,
				D819BA49234993C9008AEF35 /* Resources */,
				95C3DF869A9EA9F5B8702DBF /* [CP] Embed Pods Frameworks */,
			);
			buildRules = (
			);
			dependencies = (
			);
			name = Tremor;
			productName = Tremor;
			productReference = D819BA4B234993C9008AEF35 /* Tremor.app */;
			productType = "com.apple.product-type.application";
		};
/* End PBXNativeTarget section */

/* Begin PBXProject section */
		D819BA43234993C9008AEF35 /* Project object */ = {
			isa = PBXProject;
			attributes = {
				LastSwiftUpdateCheck = 1100;
				LastUpgradeCheck = 1100;
				ORGANIZATIONNAME = "Edward Arenberg";
				TargetAttributes = {
					D819BA4A234993C9008AEF35 = {
						CreatedOnToolsVersion = 11.0;
					};
				};
			};
			buildConfigurationList = D819BA46234993C9008AEF35 /* Build configuration list for PBXProject "Tremor" */;
			compatibilityVersion = "Xcode 9.3";
			developmentRegion = en;
			hasScannedForEncodings = 0;
			knownRegions = (
				en,
				Base,
			);
			mainGroup = D819BA42234993C9008AEF35;
			productRefGroup = D819BA4C234993C9008AEF35 /* Products */;
			projectDirPath = "";
			projectRoot = "";
			targets = (
				D819BA4A234993C9008AEF35 /* Tremor */,
			);
		};
/* End PBXProject section */

/* Begin PBXResourcesBuildPhase section */
		D819BA49234993C9008AEF35 /* Resources */ = {
			isa = PBXResourcesBuildPhase;
			buildActionMask = 2147483647;
			files = (
				D819BA5D234993CA008AEF35 /* LaunchScreen.storyboard in Resources */,
				D819BA6D2349ADB7008AEF35 /* alert.wav in Resources */,
				D819BA6A2349A25D008AEF35 /* GoogleService-Info.plist in Resources */,
				D819BA5A234993CA008AEF35 /* Assets.xcassets in Resources */,
				D819BA58234993C9008AEF35 /* Main.storyboard in Resources */,
			);
			runOnlyForDeploymentPostprocessing = 0;
		};
/* End PBXResourcesBuildPhase section */

/* Begin PBXShellScriptBuildPhase section */
		8FD575FDA516FA011B68819F /* [CP] Check Pods Manifest.lock */ = {
			isa = PBXShellScriptBuildPhase;
			buildActionMask = 2147483647;
			files = (
			);
			inputFileListPaths = (
			);
			inputPaths = (
				"${PODS_PODFILE_DIR_PATH}/Podfile.lock",
				"${PODS_ROOT}/Manifest.lock",
			);
			name = "[CP] Check Pods Manifest.lock";
			outputFileListPaths = (
			);
			outputPaths = (
				"$(DERIVED_FILE_DIR)/Pods-Tremor-checkManifestLockResult.txt",
			);
			runOnlyForDeploymentPostprocessing = 0;
			shellPath = /bin/sh;
			shellScript = "diff \"${PODS_PODFILE_DIR_PATH}/Podfile.lock\" \"${PODS_ROOT}/Manifest.lock\" > /dev/null\nif [ $? != 0 ] ; then\n    # print error to STDERR\n    echo \"error: The sandbox is not in sync with the Podfile.lock. Run 'pod install' or update your CocoaPods installation.\" >&2\n    exit 1\nfi\n# This output is used by Xcode 'outputs' to avoid re-running this script phase.\necho \"SUCCESS\" > \"${SCRIPT_OUTPUT_FILE_0}\"\n";
			showEnvVarsInLog = 0;
		};
		95C3DF869A9EA9F5B8702DBF /* [CP] Embed Pods Frameworks */ = {
			isa = PBXShellScriptBuildPhase;
			buildActionMask = 2147483647;
			files = (
			);
			inputFileListPaths = (
				"${PODS_ROOT}/Target Support Files/Pods-Tremor/Pods-Tremor-frameworks-${CONFIGURATION}-input-files.xcfilelist",
			);
			name = "[CP] Embed Pods Frameworks";
			outputFileListPaths = (
				"${PODS_ROOT}/Target Support Files/Pods-Tremor/Pods-Tremor-frameworks-${CONFIGURATION}-output-files.xcfilelist",
			);
			runOnlyForDeploymentPostprocessing = 0;
			shellPath = /bin/sh;
			shellScript = "\"${PODS_ROOT}/Target Support Files/Pods-Tremor/Pods-Tremor-frameworks.sh\"\n";
			showEnvVarsInLog = 0;
		};
/* End PBXShellScriptBuildPhase section */

/* Begin PBXSourcesBuildPhase section */
		D819BA47234993C9008AEF35 /* Sources */ = {
			isa = PBXSourcesBuildPhase;
			buildActionMask = 2147483647;
			files = (
				D819BA65234994EA008AEF35 /* ViewController.swift in Sources */,
				D819BA6723499582008AEF35 /* SplashVC.swift in Sources */,
				D819BA4F234993C9008AEF35 /* AppDelegate.swift in Sources */,
				D819BA51234993C9008AEF35 /* SceneDelegate.swift in Sources */,
			);
			runOnlyForDeploymentPostprocessing = 0;
		};
/* End PBXSourcesBuildPhase section */

/* Begin PBXVariantGroup section */
		D819BA56234993C9008AEF35 /* Main.storyboard */ = {
			isa = PBXVariantGroup;
			children = (
				D819BA57234993C9008AEF35 /* Base */,
			);
			name = Main.storyboard;
			sourceTree = "<group>";
		};
		D819BA5B234993CA008AEF35 /* LaunchScreen.storyboard */ = {
			isa = PBXVariantGroup;
			children = (
				D819BA5C234993CA008AEF35 /* Base */,
			);
			name = LaunchScreen.storyboard;
			sourceTree = "<group>";
		};
/* End PBXVariantGroup section */

/* Begin XCBuildConfiguration section */
		D819BA5F234993CA008AEF35 /* Debug */ = {
			isa = XCBuildConfiguration;
			buildSettings = {
				ALWAYS_SEARCH_USER_PATHS = NO;
				CLANG_ANALYZER_NONNULL = YES;
				CLANG_ANALYZER_NUMBER_OBJECT_CONVERSION = YES_AGGRESSIVE;
				CLANG_CXX_LANGUAGE_STANDARD = "gnu++14";
				CLANG_CXX_LIBRARY = "libc++";
				CLANG_ENABLE_MODULES = YES;
				CLANG_ENABLE_OBJC_ARC = YES;
				CLANG_ENABLE_OBJC_WEAK = YES;
				CLANG_WARN_BLOCK_CAPTURE_AUTORELEASING = YES;
				CLANG_WARN_BOOL_CONVERSION = YES;
				CLANG_WARN_COMMA = YES;
				CLANG_WARN_CONSTANT_CONVERSION = YES;
				CLANG_WARN_DEPRECATED_OBJC_IMPLEMENTATIONS = YES;
				CLANG_WARN_DIRECT_OBJC_ISA_USAGE = YES_ERROR;
				CLANG_WARN_DOCUMENTATION_COMMENTS = YES;
				CLANG_WARN_EMPTY_BODY = YES;
				CLANG_WARN_ENUM_CONVERSION = YES;
				CLANG_WARN_INFINITE_RECURSION = YES;
				CLANG_WARN_INT_CONVERSION = YES;
				CLANG_WARN_NON_LITERAL_NULL_CONVERSION = YES;
				CLANG_WARN_OBJC_IMPLICIT_RETAIN_SELF = YES;
				CLANG_WARN_OBJC_LITERAL_CONVERSION = YES;
				CLANG_WARN_OBJC_ROOT_CLASS = YES_ERROR;
				CLANG_WARN_RANGE_LOOP_ANALYSIS = YES;
				CLANG_WARN_STRICT_PROTOTYPES = YES;
				CLANG_WARN_SUSPICIOUS_MOVE = YES;
				CLANG_WARN_UNGUARDED_AVAILABILITY = YES_AGGRESSIVE;
				CLANG_WARN_UNREACHABLE_CODE = YES;
				CLANG_WARN__DUPLICATE_METHOD_MATCH = YES;
				COPY_PHASE_STRIP = NO;
				DEBUG_INFORMATION_FORMAT = dwarf;
				ENABLE_STRICT_OBJC_MSGSEND = YES;
				ENABLE_TESTABILITY = YES;
				GCC_C_LANGUAGE_STANDARD = gnu11;
				GCC_DYNAMIC_NO_PIC = NO;
				GCC_NO_COMMON_BLOCKS = YES;
				GCC_OPTIMIZATION_LEVEL = 0;
				GCC_PREPROCESSOR_DEFINITIONS = (
					"DEBUG=1",
					"$(inherited)",
				);
				GCC_WARN_64_TO_32_BIT_CONVERSION = YES;
				GCC_WARN_ABOUT_RETURN_TYPE = YES_ERROR;
				GCC_WARN_UNDECLARED_SELECTOR = YES;
				GCC_WARN_UNINITIALIZED_AUTOS = YES_AGGRESSIVE;
				GCC_WARN_UNUSED_FUNCTION = YES;
				GCC_WARN_UNUSED_VARIABLE = YES;
				IPHONEOS_DEPLOYMENT_TARGET = 13.0;
				MTL_ENABLE_DEBUG_INFO = INCLUDE_SOURCE;
				MTL_FAST_MATH = YES;
				ONLY_ACTIVE_ARCH = YES;
				SDKROOT = iphoneos;
				SWIFT_ACTIVE_COMPILATION_CONDITIONS = DEBUG;
				SWIFT_OPTIMIZATION_LEVEL = "-Onone";
			};
			name = Debug;
		};
		D819BA60234993CA008AEF35 /* Release */ = {
			isa = XCBuildConfiguration;
			buildSettings = {
				ALWAYS_SEARCH_USER_PATHS = NO;
				CLANG_ANALYZER_NONNULL = YES;
				CLANG_ANALYZER_NUMBER_OBJECT_CONVERSION = YES_AGGRESSIVE;
				CLANG_CXX_LANGUAGE_STANDARD = "gnu++14";
				CLANG_CXX_LIBRARY = "libc++";
				CLANG_ENABLE_MODULES = YES;
				CLANG_ENABLE_OBJC_ARC = YES;
				CLANG_ENABLE_OBJC_WEAK = YES;
				CLANG_WARN_BLOCK_CAPTURE_AUTORELEASING = YES;
				CLANG_WARN_BOOL_CONVERSION = YES;
				CLANG_WARN_COMMA = YES;
				CLANG_WARN_CONSTANT_CONVERSION = YES;
				CLANG_WARN_DEPRECATED_OBJC_IMPLEMENTATIONS = YES;
				CLANG_WARN_DIRECT_OBJC_ISA_USAGE = YES_ERROR;
				CLANG_WARN_DOCUMENTATION_COMMENTS = YES;
				CLANG_WARN_EMPTY_BODY = YES;
				CLANG_WARN_ENUM_CONVERSION = YES;
				CLANG_WARN_INFINITE_RECURSION = YES;
				CLANG_WARN_INT_CONVERSION = YES;
				CLANG_WARN_NON_LITERAL_NULL_CONVERSION = YES;
				CLANG_WARN_OBJC_IMPLICIT_RETAIN_SELF = YES;
				CLANG_WARN_OBJC_LITERAL_CONVERSION = YES;
				CLANG_WARN_OBJC_ROOT_CLASS = YES_ERROR;
				CLANG_WARN_RANGE_LOOP_ANALYSIS = YES;
				CLANG_WARN_STRICT_PROTOTYPES = YES;
				CLANG_WARN_SUSPICIOUS_MOVE = YES;
				CLANG_WARN_UNGUARDED_AVAILABILITY = YES_AGGRESSIVE;
				CLANG_WARN_UNREACHABLE_CODE = YES;
				CLANG_WARN__DUPLICATE_METHOD_MATCH = YES;
				COPY_PHASE_STRIP = NO;
				DEBUG_INFORMATION_FORMAT = "dwarf-with-dsym";
				ENABLE_NS_ASSERTIONS = NO;
				ENABLE_STRICT_OBJC_MSGSEND = YES;
				GCC_C_LANGUAGE_STANDARD = gnu11;
				GCC_NO_COMMON_BLOCKS = YES;
				GCC_WARN_64_TO_32_BIT_CONVERSION = YES;
				GCC_WARN_ABOUT_RETURN_TYPE = YES_ERROR;
				GCC_WARN_UNDECLARED_SELECTOR = YES;
				GCC_WARN_UNINITIALIZED_AUTOS = YES_AGGRESSIVE;
				GCC_WARN_UNUSED_FUNCTION = YES;
				GCC_WARN_UNUSED_VARIABLE = YES;
				IPHONEOS_DEPLOYMENT_TARGET = 13.0;
				MTL_ENABLE_DEBUG_INFO = NO;
				MTL_FAST_MATH = YES;
				SDKROOT = iphoneos;
				SWIFT_COMPILATION_MODE = wholemodule;
				SWIFT_OPTIMIZATION_LEVEL = "-O";
				VALIDATE_PRODUCT = YES;
			};
			name = Release;
		};
		D819BA62234993CA008AEF35 /* Debug */ = {
			isa = XCBuildConfiguration;
			baseConfigurationReference = ADD9A5C972C4913FDC26F4D1 /* Pods-Tremor.debug.xcconfig */;
			buildSettings = {
				ASSETCATALOG_COMPILER_APPICON_NAME = AppIcon;
				CODE_SIGN_ENTITLEMENTS = Tremor/Tremor.entitlements;
				CODE_SIGN_STYLE = Automatic;
				DEVELOPMENT_TEAM = 2BY2NMR4CA;
				INFOPLIST_FILE = Tremor/Info.plist;
				LD_RUNPATH_SEARCH_PATHS = (
					"$(inherited)",
					"@executable_path/Frameworks",
				);
				PRODUCT_BUNDLE_IDENTIFIER = com.epage.Tremor;
				PRODUCT_NAME = "$(TARGET_NAME)";
				SWIFT_VERSION = 5.0;
				TARGETED_DEVICE_FAMILY = 1;
			};
			name = Debug;
		};
		D819BA63234993CA008AEF35 /* Release */ = {
			isa = XCBuildConfiguration;
			baseConfigurationReference = BC6F95A1F4C7F8E56AA9A1DF /* Pods-Tremor.release.xcconfig */;
			buildSettings = {
				ASSETCATALOG_COMPILER_APPICON_NAME = AppIcon;
				CODE_SIGN_ENTITLEMENTS = Tremor/Tremor.entitlements;
				CODE_SIGN_STYLE = Automatic;
				DEVELOPMENT_TEAM = 2BY2NMR4CA;
				INFOPLIST_FILE = Tremor/Info.plist;
				LD_RUNPATH_SEARCH_PATHS = (
					"$(inherited)",
					"@executable_path/Frameworks",
				);
				PRODUCT_BUNDLE_IDENTIFIER = com.epage.Tremor;
				PRODUCT_NAME = "$(TARGET_NAME)";
				SWIFT_VERSION = 5.0;
				TARGETED_DEVICE_FAMILY = 1;
			};
			name = Release;
		};
/* End XCBuildConfiguration section */

/* Begin XCConfigurationList section */
		D819BA46234993C9008AEF35 /* Build configuration list for PBXProject "Tremor" */ = {
			isa = XCConfigurationList;
			buildConfigurations = (
				D819BA5F234993CA008AEF35 /* Debug */,
				D819BA60234993CA008AEF35 /* Release */,
			);
			defaultConfigurationIsVisible = 0;
			defaultConfigurationName = Release;
		};
		D819BA61234993CA008AEF35 /* Build configuration list for PBXNativeTarget "Tremor" */ = {
			isa = XCConfigurationList;
			buildConfigurations = (
				D819BA62234993CA008AEF35 /* Debug */,
				D819BA63234993CA008AEF35 /* Release */,
			);
			defaultConfigurationIsVisible = 0;
			defaultConfigurationName = Release;
		};
/* End XCConfigurationList section */
	};
	rootObject = D819BA43234993C9008AEF35 /* Project object */;
}
